
Microsoft Visual Studio Solution File, Format Version 11.00
# Visual Studio 2010
Project("{FAE04EC0-301F-11D3-BF4B-00C04F79EFBC}") = "NoteBookUI", "NoteBookBeta1\NoteBookUI.csproj", "{413DFDEE-08B7-4210-A0FD-2CC31E9E2798}"
EndProject
Project("{FAE04EC0-301F-11D3-BF4B-00C04F79EFBC}") = "Model", "Model\Model.csproj", "{233D9394-4C6A-456B-AE40-66053977876E}"
EndProject
Project("{FAE04EC0-301F-11D3-BF4B-00C04F79EFBC}") = "IDAL", "IDAL\IDAL.csproj", "{3405DE8E-5BE7-4465-A76F-6A69F5326678}"
EndProject
Project("{FAE04EC0-301F-11D3-BF4B-00C04F79EFBC}") = "BLL", "BLL\BLL.csproj", "{92732A5E-6242-4DB1-AB2B-0C7B3679131F}"
EndProject
Project("{FAE04EC0-301F-11D3-BF4B-00C04F79EFBC}") = "DAL", "DAL\DAL.csproj", "{73D7BF34-3306-4DB6-9336-6160399BD665}"
EndProject
Project("{FAE04EC0-301F-11D3-BF4B-00C04F79EFBC}") = "DALFactory", "DALFactory\DALFactory.csproj", "{5826042D-5829-4BAE-868D-1A65F139E993}"
EndProject
Global
	GlobalSection(SolutionConfigurationPlatforms) = preSolution
		Debug|x86 = Debug|x86
		Release|x86 = Release|x86
	EndGlobalSection
	GlobalSection(ProjectConfigurationPlatforms) = postSolution
		{413DFDEE-08B7-4210-A0FD-2CC31E9E2798}.Debug|x86.ActiveCfg = Debug|x86
		{413DFDEE-08B7-4210-A0FD-2CC31E9E2798}.Debug|x86.Build.0 = Debug|x86
		{413DFDEE-08B7-4210-A0FD-2CC31E9E2798}.Release|x86.ActiveCfg = Release|x86
		{413DFDEE-08B7-4210-A0FD-2CC31E9E2798}.Release|x86.Build.0 = Release|x86
		{233D9394-4C6A-456B-AE40-66053977876E}.Debug|x86.ActiveCfg = Debug|x86
		{233D9394-4C6A-456B-AE40-66053977876E}.Debug|x86.Build.0 = Debug|x86
		{233D9394-4C6A-456B-AE40-66053977876E}.Release|x86.ActiveCfg = Release|x86
		{233D9394-4C6A-456B-AE40-66053977876E}.Release|x86.Build.0 = Release|x86
		{3405DE8E-5BE7-4465-A76F-6A69F5326678}.Debug|x86.ActiveCfg = Debug|x86
		{3405DE8E-5BE7-4465-A76F-6A69F5326678}.Debug|x86.Build.0 = Debug|x86
		{3405DE8E-5BE7-4465-A76F-6A69F5326678}.Release|x86.ActiveCfg = Release|x86
		{3405DE8E-5BE7-4465-A76F-6A69F5326678}.Release|x86.Build.0 = Release|x86
		{92732A5E-6242-4DB1-AB2B-0C7B3679131F}.Debug|x86.ActiveCfg = Debug|x86
		{92732A5E-6242-4DB1-AB2B-0C7B3679131F}.Debug|x86.Build.0 = Debug|x86
		{92732A5E-6242-4DB1-AB2B-0C7B3679131F}.Release|x86.ActiveCfg = Release|x86
		{92732A5E-6242-4DB1-AB2B-0C7B3679131F}.Release|x86.Build.0 = Release|x86
		{73D7BF34-3306-4DB6-9336-6160399BD665}.Debug|x86.ActiveCfg = Debug|x86
		{73D7BF34-3306-4DB6-9336-6160399BD665}.Debug|x86.Build.0 = Debug|x86
		{73D7BF34-3306-4DB6-9336-6160399BD665}.Release|x86.ActiveCfg = Release|x86
		{73D7BF34-3306-4DB6-9336-6160399BD665}.Release|x86.Build.0 = Release|x86
		{5826042D-5829-4BAE-868D-1A65F139E993}.Debug|x86.ActiveCfg = Debug|x86
		{5826042D-5829-4BAE-868D-1A65F139E993}.Debug|x86.Build.0 = Debug|x86
		{5826042D-5829-4BAE-868D-1A65F139E993}.Release|x86.ActiveCfg = Release|x86
		{5826042D-5829-4BAE-868D-1A65F139E993}.Release|x86.Build.0 = Release|x86
	EndGlobalSection
	GlobalSection(SolutionProperties) = preSolution
		HideSolutionNode = FALSE
	EndGlobalSection
EndGlobal
